
Microsoft Visual Studio Solution File, Format Version 12.00
# Visual Studio Version 16
VisualStudioVersion = 16.0.28803.352
MinimumVisualStudioVersion = 10.0.40219.1
Project("{FAE04EC0-301F-11D3-BF4B-00C04F79EFBC}") = "Plugins", "Plugins\Plugins.csproj", "{39AE408F-5B81-461D-B6F6-F6B0B481DFA0}"
EndProject
Global
	GlobalSection(SolutionConfigurationPlatforms) = preSolution
		Debug|Any CPU = Debug|Any CPU
		Release|Any CPU = Release|Any CPU
	EndGlobalSection
	GlobalSection(ProjectConfigurationPlatforms) = postSolution
		{39AE408F-5B81-461D-B6F6-F6B0B481DFA0}.Debug|Any CPU.ActiveCfg = Debug|Any CPU
		{39AE408F-5B81-461D-B6F6-F6B0B481DFA0}.Debug|Any CPU.Build.0 = Debug|Any CPU
		{39AE408F-5B81-461D-B6F6-F6B0B481DFA0}.Release|Any CPU.ActiveCfg = Release|Any CPU
		{39AE408F-5B81-461D-B6F6-F6B0B481DFA0}.Release|Any CPU.Build.0 = Release|Any CPU
	EndGlobalSection
	GlobalSection(SolutionProperties) = preSolution
		HideSolutionNode = FALSE
	EndGlobalSection
	GlobalSection(ExtensibilityGlobals) = postSolution
		SolutionGuid = {F5571215-CFEF-47CE-8FA2-D81649AEB31C}
	EndGlobalSection
EndGlobal
